
Microsoft Visual Studio Solution File, Format Version 12.00
# Visual Studio Version 17
VisualStudioVersion = 17.12.35527.113 d17.12
MinimumVisualStudioVersion = 10.0.40219.1
Project("{FAE04EC0-301F-11D3-BF4B-00C04F79EFBC}") = "Bai", "Bai\Bai.csproj", "{20FD0D75-4009-482B-9F97-6239FDE954CC}"
EndProject
Global
	GlobalSection(SolutionConfigurationPlatforms) = preSolution
		Debug|Any CPU = Debug|Any CPU
		Release|Any CPU = Release|Any CPU
	EndGlobalSection
	GlobalSection(ProjectConfigurationPlatforms) = postSolution
		{20FD0D75-4009-482B-9F97-6239FDE954CC}.Debug|Any CPU.ActiveCfg = Debug|Any CPU
		{20FD0D75-4009-482B-9F97-6239FDE954CC}.Debug|Any CPU.Build.0 = Debug|Any CPU
		{20FD0D75-4009-482B-9F97-6239FDE954CC}.Release|Any CPU.ActiveCfg = Release|Any CPU
		{20FD0D75-4009-482B-9F97-6239FDE954CC}.Release|Any CPU.Build.0 = Release|Any CPU
	EndGlobalSection
	GlobalSection(SolutionProperties) = preSolution
		HideSolutionNode = FALSE
	EndGlobalSection
EndGlobal
